Microsoft Visual Studio Solution File, Format Version 11.00
# Visual Studio 2008

Project("{AE998F76-CAB6-DB43-107B-AA27D987CA8E}") = "TheWill_v1.0", "Assembly-CSharp-vs.csproj", "{8ED6C058-B7D9-CE76-D1A4-95E46ED388AC}"
EndProject
Global
	GlobalSection(SolutionConfigurationPlatforms) = preSolution
		Debug|Any CPU = Debug|Any CPU
		Release|Any CPU = Release|Any CPU
	EndGlobalSection
	GlobalSection(ProjectConfigurationPlatforms) = postSolution
		{8ED6C058-B7D9-CE76-D1A4-95E46ED388AC}.Debug|Any CPU.ActiveCfg = Debug|Any CPU
		{8ED6C058-B7D9-CE76-D1A4-95E46ED388AC}.Debug|Any CPU.Build.0 = Debug|Any CPU
		{8ED6C058-B7D9-CE76-D1A4-95E46ED388AC}.Release|Any CPU.ActiveCfg = Release|Any CPU
		{8ED6C058-B7D9-CE76-D1A4-95E46ED388AC}.Release|Any CPU.Build.0 = Release|Any CPU
	EndGlobalSection
	GlobalSection(SolutionProperties) = preSolution
		HideSolutionNode = FALSE
	EndGlobalSection
																																																																																					GlobalSection(MonoDevelopProperties) = preSolution
		StartupItem = Assembly-CSharp.csproj
		Policies = $0
		$0.TextStylePolicy = $1
		$1.inheritsSet = null
		$1.scope = text/x-csharp
		$0.CSharpFormattingPolicy = $2
		$2.inheritsSet = Mono
		$2.inheritsScope = text/x-csharp
		$2.scope = text/x-csharp
		$0.TextStylePolicy = $3
		$3.FileWidth = 120
		$3.TabWidth = 4
		$3.EolMarker = Unix
		$3.inheritsSet = Mono
		$3.inheritsScope = text/plain
		$3.scope = text/plain
	EndGlobalSection

EndGlobal
